// !$*UTF8*$!
{
	archiveVersion = 1;
	classes = {
	};
	objectVersion = 45;
	objects = {

/* Begin PBXBuildFile section */
		401C31301242572A005D725E /* ComRrfComponentVasMainNib.xib in Resources */ = {isa = PBXBuildFile; fileRef = 401C312F1242572A005D725E /* ComRrfComponentVasMainNib.xib */; };
		404A77641222BD2D00B4CD5B /* manifest.plist in Resources */ = {isa = PBXBuildFile; fileRef = 404A77631222BD2D00B4CD5B /* manifest.plist */; };
		404A77691222D00400B4CD5B /* ComRrfComponentVasController.m in Sources */ = {isa = PBXBuildFile; fileRef = 404A77681222D00400B4CD5B /* ComRrfComponentVasController.m */; };
		404A776B1222D15300B4CD5B /* TKUtility.framework in CopyFiles */ = {isa = PBXBuildFile; fileRef = 404A776A1222D15300B4CD5B /* TKUtility.framework */; };
		405620C41239687C0088B8BA /* SessionWindow.xib in Resources */ = {isa = PBXBuildFile; fileRef = 405620C31239687C0088B8BA /* SessionWindow.xib */; };
		406A240D124129A200845BD0 /* ComRrfComponentVas.bundle in CopyFiles */ = {isa = PBXBuildFile; fileRef = 8D5B49B6048680CD000E48DA /* ComRrfComponentVas.bundle */; };
		4070BA6B123E5A1900CDF821 /* SampleDefinition.plist in Resources */ = {isa = PBXBuildFile; fileRef = 4070BA6A123E5A1900CDF821 /* SampleDefinition.plist */; };
		408FA96B12394C440024DD3B /* BooleanOption.xib in Resources */ = {isa = PBXBuildFile; fileRef = 408FA96612394C440024DD3B /* BooleanOption.xib */; };
		408FA96C12394C440024DD3B /* EnumOption.xib in Resources */ = {isa = PBXBuildFile; fileRef = 408FA96712394C440024DD3B /* EnumOption.xib */; };
		408FA96D12394C440024DD3B /* NumberOption.xib in Resources */ = {isa = PBXBuildFile; fileRef = 408FA96812394C440024DD3B /* NumberOption.xib */; };
		408FA96E12394C440024DD3B /* PathOption.xib in Resources */ = {isa = PBXBuildFile; fileRef = 408FA96912394C440024DD3B /* PathOption.xib */; };
		408FA96F12394C440024DD3B /* StringOption.xib in Resources */ = {isa = PBXBuildFile; fileRef = 408FA96A12394C440024DD3B /* StringOption.xib */; };
		408FA99012394D6F0024DD3B /* TKComponentConfigurationView.m in Sources */ = {isa = PBXBuildFile; fileRef = 408FA98312394D6F0024DD3B /* TKComponentConfigurationView.m */; };
		408FA99112394D6F0024DD3B /* TKComponentOption.m in Sources */ = {isa = PBXBuildFile; fileRef = 408FA98512394D6F0024DD3B /* TKComponentOption.m */; };
		408FA99212394D6F0024DD3B /* TKComponentStringOption.m in Sources */ = {isa = PBXBuildFile; fileRef = 408FA98712394D6F0024DD3B /* TKComponentStringOption.m */; };
		408FA99312394D6F0024DD3B /* TKComponentNumberOption.m in Sources */ = {isa = PBXBuildFile; fileRef = 408FA98912394D6F0024DD3B /* TKComponentNumberOption.m */; };
		408FA99412394D6F0024DD3B /* TKComponentBooleanOption.m in Sources */ = {isa = PBXBuildFile; fileRef = 408FA98B12394D6F0024DD3B /* TKComponentBooleanOption.m */; };
		408FA99512394D6F0024DD3B /* TKComponentPathOption.m in Sources */ = {isa = PBXBuildFile; fileRef = 408FA98D12394D6F0024DD3B /* TKComponentPathOption.m */; };
		408FA99612394D6F0024DD3B /* TKComponentEnumOption.m in Sources */ = {isa = PBXBuildFile; fileRef = 408FA98F12394D6F0024DD3B /* TKComponentEnumOption.m */; };
		40DAF158123537F40003B6F9 /* TKUtility.framework in Frameworks */ = {isa = PBXBuildFile; fileRef = 404A776A1222D15300B4CD5B /* TKUtility.framework */; };
		40DAF181123538C90003B6F9 /* MockApplication.xib in Resources */ = {isa = PBXBuildFile; fileRef = 40DAF180123538C90003B6F9 /* MockApplication.xib */; };
		40DAF26A12365C600003B6F9 /* main.m in Sources */ = {isa = PBXBuildFile; fileRef = 40DAF26912365C600003B6F9 /* main.m */; };
		40DAF2A112366F630003B6F9 /* Mock_AppDelegate.m in Sources */ = {isa = PBXBuildFile; fileRef = 40DAF2A012366F630003B6F9 /* Mock_AppDelegate.m */; };
		40DB66BD1239366D003722F9 /* TKUtility.framework in Frameworks */ = {isa = PBXBuildFile; fileRef = 404A776A1222D15300B4CD5B /* TKUtility.framework */; };
		40DB66C7123936FC003722F9 /* TKUtility.framework in CopyFiles */ = {isa = PBXBuildFile; fileRef = 404A776A1222D15300B4CD5B /* TKUtility.framework */; };
		40FBCB931239400E0045D8D3 /* manifest.plist in Resources */ = {isa = PBXBuildFile; fileRef = 404A77631222BD2D00B4CD5B /* manifest.plist */; };
		8D5B49B0048680CD000E48DA /* InfoPlist.strings in Resources */ = {isa = PBXBuildFile; fileRef = 089C167DFE841241C02AAC07 /* InfoPlist.strings */; };
		8D5B49B4048680CD000E48DA /* Cocoa.framework in Frameworks */ = {isa = PBXBuildFile; fileRef = 1058C7ADFEA557BF11CA2CBB /* Cocoa.framework */; };
/* End PBXBuildFile section */

/* Begin PBXCopyFilesBuildPhase section */
		406A240B1241297E00845BD0 /* CopyFiles */ = {
			isa = PBXCopyFilesBuildPhase;
			buildActionMask = 2147483647;
			dstPath = "";
			dstSubfolderSpec = 13;
			files = (
				406A240D124129A200845BD0 /* ComRrfComponentVas.bundle in CopyFiles */,
			);
			runOnlyForDeploymentPostprocessing = 0;
		};
		40DAF141123536DB0003B6F9 /* CopyFiles */ = {
			isa = PBXCopyFilesBuildPhase;
			buildActionMask = 2147483647;
			dstPath = "";
			dstSubfolderSpec = 10;
			files = (
				404A776B1222D15300B4CD5B /* TKUtility.framework in CopyFiles */,
			);
			runOnlyForDeploymentPostprocessing = 0;
		};
		40DB66CF1239370B003722F9 /* CopyFiles */ = {
			isa = PBXCopyFilesBuildPhase;
			buildActionMask = 2147483647;
			dstPath = "";
			dstSubfolderSpec = 10;
			files = (
				40DB66C7123936FC003722F9 /* TKUtility.framework in CopyFiles */,
			);
			runOnlyForDeploymentPostprocessing = 0;
		};
/* End PBXCopyFilesBuildPhase section */

/* Begin PBXFileReference section */
		089C1672FE841209C02AAC07 /* Foundation.framework */ = {isa = PBXFileReference; lastKnownFileType = wrapper.framework; name = Foundation.framework; path = /System/Library/Frameworks/Foundation.framework; sourceTree = "<absolute>"; };
		089C167EFE841241C02AAC07 /* English */ = {isa = PBXFileReference; fileEncoding = 10; lastKnownFileType = text.plist.strings; name = English; path = English.lproj/InfoPlist.strings; sourceTree = "<group>"; };
		089C167FFE841241C02AAC07 /* AppKit.framework */ = {isa = PBXFileReference; lastKnownFileType = wrapper.framework; name = AppKit.framework; path = /System/Library/Frameworks/AppKit.framework; sourceTree = "<absolute>"; };
		1058C7ADFEA557BF11CA2CBB /* Cocoa.framework */ = {isa = PBXFileReference; lastKnownFileType = wrapper.framework; name = Cocoa.framework; path = /System/Library/Frameworks/Cocoa.framework; sourceTree = "<absolute>"; };
		32DBCF630370AF2F00C91783 /* ComRrfComponentVas_Prefix.pch */ = {isa = PBXFileReference; fileEncoding = 4; lastKnownFileType = sourcecode.c.h; path = ComRrfComponentVas_Prefix.pch; sourceTree = "<group>"; };
		401C312F1242572A005D725E /* ComRrfComponentVasMainNib.xib */ = {isa = PBXFileReference; lastKnownFileType = file.xib; path = ComRrfComponentVasMainNib.xib; sourceTree = "<group>"; };
		404A77631222BD2D00B4CD5B /* manifest.plist */ = {isa = PBXFileReference; fileEncoding = 4; lastKnownFileType = text.plist.xml; path = manifest.plist; sourceTree = "<group>"; };
		404A77671222D00400B4CD5B /* ComRrfComponentVasController.h */ = {isa = PBXFileReference; fileEncoding = 4; lastKnownFileType = sourcecode.c.h; path = ComRrfComponentVasController.h; sourceTree = "<group>"; };
		404A77681222D00400B4CD5B /* ComRrfComponentVasController.m */ = {isa = PBXFileReference; fileEncoding = 4; lastKnownFileType = sourcecode.c.objc; path = ComRrfComponentVasController.m; sourceTree = "<group>"; };
		404A776A1222D15300B4CD5B /* TKUtility.framework */ = {isa = PBXFileReference; lastKnownFileType = wrapper.framework; name = TKUtility.framework; path = ../../TKUtility/build/Release/TKUtility.framework; sourceTree = SOURCE_ROOT; };
		405620C31239687C0088B8BA /* SessionWindow.xib */ = {isa = PBXFileReference; lastKnownFileType = file.xib; path = SessionWindow.xib; sourceTree = "<group>"; };
		4070BA6A123E5A1900CDF821 /* SampleDefinition.plist */ = {isa = PBXFileReference; fileEncoding = 4; lastKnownFileType = text.plist.xml; path = SampleDefinition.plist; sourceTree = "<group>"; };
		408FA96612394C440024DD3B /* BooleanOption.xib */ = {isa = PBXFileReference; lastKnownFileType = file.xib; path = BooleanOption.xib; sourceTree = "<group>"; };
		408FA96712394C440024DD3B /* EnumOption.xib */ = {isa = PBXFileReference; lastKnownFileType = file.xib; path = EnumOption.xib; sourceTree = "<group>"; };
		408FA96812394C440024DD3B /* NumberOption.xib */ = {isa = PBXFileReference; lastKnownFileType = file.xib; path = NumberOption.xib; sourceTree = "<group>"; };
		408FA96912394C440024DD3B /* PathOption.xib */ = {isa = PBXFileReference; lastKnownFileType = file.xib; path = PathOption.xib; sourceTree = "<group>"; };
		408FA96A12394C440024DD3B /* StringOption.xib */ = {isa = PBXFileReference; lastKnownFileType = file.xib; path = StringOption.xib; sourceTree = "<group>"; };
		408FA98212394D6F0024DD3B /* TKComponentConfigurationView.h */ = {isa = PBXFileReference; fileEncoding = 4; lastKnownFileType = sourcecode.c.h; path = TKComponentConfigurationView.h; sourceTree = "<group>"; };
		408FA98312394D6F0024DD3B /* TKComponentConfigurationView.m */ = {isa = PBXFileReference; fileEncoding = 4; lastKnownFileType = sourcecode.c.objc; path = TKComponentConfigurationView.m; sourceTree = "<group>"; };
		408FA98412394D6F0024DD3B /* TKComponentOption.h */ = {isa = PBXFileReference; fileEncoding = 4; lastKnownFileType = sourcecode.c.h; path = TKComponentOption.h; sourceTree = "<group>"; };
		408FA98512394D6F0024DD3B /* TKComponentOption.m */ = {isa = PBXFileReference; fileEncoding = 4; lastKnownFileType = sourcecode.c.objc; path = TKComponentOption.m; sourceTree = "<group>"; };
		408FA98612394D6F0024DD3B /* TKComponentStringOption.h */ = {isa = PBXFileReference; fileEncoding = 4; lastKnownFileType = sourcecode.c.h; path = TKComponentStringOption.h; sourceTree = "<group>"; };
		408FA98712394D6F0024DD3B /* TKComponentStringOption.m */ = {isa = PBXFileReference; fileEncoding = 4; lastKnownFileType = sourcecode.c.objc; path = TKComponentStringOption.m; sourceTree = "<group>"; };
		408FA98812394D6F0024DD3B /* TKComponentNumberOption.h */ = {isa = PBXFileReference; fileEncoding = 4; lastKnownFileType = sourcecode.c.h; path = TKComponentNumberOption.h; sourceTree = "<group>"; };
		408FA98912394D6F0024DD3B /* TKComponentNumberOption.m */ = {isa = PBXFileReference; fileEncoding = 4; lastKnownFileType = sourcecode.c.objc; path = TKComponentNumberOption.m; sourceTree = "<group>"; };
		408FA98A12394D6F0024DD3B /* TKComponentBooleanOption.h */ = {isa = PBXFileReference; fileEncoding = 4; lastKnownFileType = sourcecode.c.h; path = TKComponentBooleanOption.h; sourceTree = "<group>"; };
		408FA98B12394D6F0024DD3B /* TKComponentBooleanOption.m */ = {isa = PBXFileReference; fileEncoding = 4; lastKnownFileType = sourcecode.c.objc; path = TKComponentBooleanOption.m; sourceTree = "<group>"; };
		408FA98C12394D6F0024DD3B /* TKComponentPathOption.h */ = {isa = PBXFileReference; fileEncoding = 4; lastKnownFileType = sourcecode.c.h; path = TKComponentPathOption.h; sourceTree = "<group>"; };
		408FA98D12394D6F0024DD3B /* TKComponentPathOption.m */ = {isa = PBXFileReference; fileEncoding = 4; lastKnownFileType = sourcecode.c.objc; path = TKComponentPathOption.m; sourceTree = "<group>"; };
		408FA98E12394D6F0024DD3B /* TKComponentEnumOption.h */ = {isa = PBXFileReference; fileEncoding = 4; lastKnownFileType = sourcecode.c.h; path = TKComponentEnumOption.h; sourceTree = "<group>"; };
		408FA98F12394D6F0024DD3B /* TKComponentEnumOption.m */ = {isa = PBXFileReference; fileEncoding = 4; lastKnownFileType = sourcecode.c.objc; path = TKComponentEnumOption.m; sourceTree = "<group>"; };
		40DAF11B123536240003B6F9 /* MockApplication.app */ = {isa = PBXFileReference; explicitFileType = wrapper.application; includeInIndex = 0; path = MockApplication.app; sourceTree = BUILT_PRODUCTS_DIR; };
		40DAF11D123536240003B6F9 /* MockApplication-Info.plist */ = {isa = PBXFileReference; lastKnownFileType = text.plist.xml; path = "MockApplication-Info.plist"; sourceTree = "<group>"; };
		40DAF180123538C90003B6F9 /* MockApplication.xib */ = {isa = PBXFileReference; lastKnownFileType = file.xib; path = MockApplication.xib; sourceTree = "<group>"; };
		40DAF26912365C600003B6F9 /* main.m */ = {isa = PBXFileReference; fileEncoding = 4; lastKnownFileType = sourcecode.c.objc; path = main.m; sourceTree = "<group>"; };
		40DAF29F12366F630003B6F9 /* Mock_AppDelegate.h */ = {isa = PBXFileReference; fileEncoding = 4; lastKnownFileType = sourcecode.c.h; path = Mock_AppDelegate.h; sourceTree = "<group>"; };
		40DAF2A012366F630003B6F9 /* Mock_AppDelegate.m */ = {isa = PBXFileReference; fileEncoding = 4; lastKnownFileType = sourcecode.c.objc; path = Mock_AppDelegate.m; sourceTree = "<group>"; };
		8D5B49B6048680CD000E48DA /* ComRrfComponentVas.bundle */ = {isa = PBXFileReference; explicitFileType = wrapper.cfbundle; includeInIndex = 0; path = ComRrfComponentVas.bundle; sourceTree = BUILT_PRODUCTS_DIR; };
		8D5B49B7048680CD000E48DA /* Info.plist */ = {isa = PBXFileReference; fileEncoding = 4; lastKnownFileType = text.plist.xml; path = Info.plist; sourceTree = "<group>"; };
		D2F7E65807B2D6F200F64583 /* CoreData.framework */ = {isa = PBXFileReference; lastKnownFileType = wrapper.framework; name = CoreData.framework; path = /System/Library/Frameworks/CoreData.framework; sourceTree = "<absolute>"; };
/* End PBXFileReference section */

/* Begin PBXFrameworksBuildPhase section */
		40DAF119123536240003B6F9 /* Frameworks */ = {
			isa = PBXFrameworksBuildPhase;
			buildActionMask = 2147483647;
			files = (
				40DB66BD1239366D003722F9 /* TKUtility.framework in Frameworks */,
			);
			runOnlyForDeploymentPostprocessing = 0;
		};
		8D5B49B3048680CD000E48DA /* Frameworks */ = {
			isa = PBXFrameworksBuildPhase;
			buildActionMask = 2147483647;
			files = (
				8D5B49B4048680CD000E48DA /* Cocoa.framework in Frameworks */,
				40DAF158123537F40003B6F9 /* TKUtility.framework in Frameworks */,
			);
			runOnlyForDeploymentPostprocessing = 0;
		};
/* End PBXFrameworksBuildPhase section */

/* Begin PBXGroup section */
		089C166AFE841209C02AAC07 /* ComRrfComponentVas */ = {
			isa = PBXGroup;
			children = (
				40DAF17F123538910003B6F9 /* Testing */,
				08FB77AFFE84173DC02AAC07 /* Classes */,
				32C88E010371C26100C91783 /* Other Sources */,
				089C167CFE841241C02AAC07 /* Resources */,
				089C1671FE841209C02AAC07 /* Frameworks and Libraries */,
				19C28FB8FE9D52D311CA2CBB /* Products */,
			);
			name = ComRrfComponentVas;
			sourceTree = "<group>";
		};
		089C1671FE841209C02AAC07 /* Frameworks and Libraries */ = {
			isa = PBXGroup;
			children = (
				1058C7ACFEA557BF11CA2CBB /* Linked Frameworks */,
				1058C7AEFEA557BF11CA2CBB /* Other Frameworks */,
			);
			name = "Frameworks and Libraries";
			sourceTree = "<group>";
		};
		089C167CFE841241C02AAC07 /* Resources */ = {
			isa = PBXGroup;
			children = (
				8D5B49B7048680CD000E48DA /* Info.plist */,
				089C167DFE841241C02AAC07 /* InfoPlist.strings */,
				404A77631222BD2D00B4CD5B /* manifest.plist */,
				4070BA6A123E5A1900CDF821 /* SampleDefinition.plist */,
				401C312F1242572A005D725E /* ComRrfComponentVasMainNib.xib */,
			);
			name = Resources;
			sourceTree = "<group>";
		};
		08FB77AFFE84173DC02AAC07 /* Classes */ = {
			isa = PBXGroup;
			children = (
				404A77671222D00400B4CD5B /* ComRrfComponentVasController.h */,
				404A77681222D00400B4CD5B /* ComRrfComponentVasController.m */,
			);
			name = Classes;
			sourceTree = "<group>";
		};
		1058C7ACFEA557BF11CA2CBB /* Linked Frameworks */ = {
			isa = PBXGroup;
			children = (
				1058C7ADFEA557BF11CA2CBB /* Cocoa.framework */,
				404A776A1222D15300B4CD5B /* TKUtility.framework */,
			);
			name = "Linked Frameworks";
			sourceTree = "<group>";
		};
		1058C7AEFEA557BF11CA2CBB /* Other Frameworks */ = {
			isa = PBXGroup;
			children = (
				089C167FFE841241C02AAC07 /* AppKit.framework */,
				D2F7E65807B2D6F200F64583 /* CoreData.framework */,
				089C1672FE841209C02AAC07 /* Foundation.framework */,
			);
			name = "Other Frameworks";
			sourceTree = "<group>";
		};
		19C28FB8FE9D52D311CA2CBB /* Products */ = {
			isa = PBXGroup;
			children = (
				8D5B49B6048680CD000E48DA /* ComRrfComponentVas.bundle */,
				40DAF11B123536240003B6F9 /* MockApplication.app */,
			);
			name = Products;
			sourceTree = "<group>";
		};
		32C88E010371C26100C91783 /* Other Sources */ = {
			isa = PBXGroup;
			children = (
				32DBCF630370AF2F00C91783 /* ComRrfComponentVas_Prefix.pch */,
			);
			name = "Other Sources";
			sourceTree = "<group>";
		};
		408FA96512394BB40024DD3B /* Resources */ = {
			isa = PBXGroup;
			children = (
				40DAF180123538C90003B6F9 /* MockApplication.xib */,
				408FA96612394C440024DD3B /* BooleanOption.xib */,
				408FA96712394C440024DD3B /* EnumOption.xib */,
				408FA96812394C440024DD3B /* NumberOption.xib */,
				408FA96912394C440024DD3B /* PathOption.xib */,
				408FA96A12394C440024DD3B /* StringOption.xib */,
				405620C31239687C0088B8BA /* SessionWindow.xib */,
			);
			name = Resources;
			sourceTree = "<group>";
		};
		40DAF17F123538910003B6F9 /* Testing */ = {
			isa = PBXGroup;
			children = (
				408FA98212394D6F0024DD3B /* TKComponentConfigurationView.h */,
				408FA98312394D6F0024DD3B /* TKComponentConfigurationView.m */,
				408FA98412394D6F0024DD3B /* TKComponentOption.h */,
				408FA98512394D6F0024DD3B /* TKComponentOption.m */,
				408FA98612394D6F0024DD3B /* TKComponentStringOption.h */,
				408FA98712394D6F0024DD3B /* TKComponentStringOption.m */,
				408FA98812394D6F0024DD3B /* TKComponentNumberOption.h */,
				408FA98912394D6F0024DD3B /* TKComponentNumberOption.m */,
				408FA98A12394D6F0024DD3B /* TKComponentBooleanOption.h */,
				408FA98B12394D6F0024DD3B /* TKComponentBooleanOption.m */,
				408FA98C12394D6F0024DD3B /* TKComponentPathOption.h */,
				408FA98D12394D6F0024DD3B /* TKComponentPathOption.m */,
				408FA98E12394D6F0024DD3B /* TKComponentEnumOption.h */,
				408FA98F12394D6F0024DD3B /* TKComponentEnumOption.m */,
				408FA96512394BB40024DD3B /* Resources */,
				40DAF29F12366F630003B6F9 /* Mock_AppDelegate.h */,
				40DAF2A012366F630003B6F9 /* Mock_AppDelegate.m */,
				40DAF26912365C600003B6F9 /* main.m */,
				40DAF11D123536240003B6F9 /* MockApplication-Info.plist */,
			);
			name = Testing;
			sourceTree = "<group>";
		};
/* End PBXGroup section */

/* Begin PBXNativeTarget section */
		40DAF11A123536240003B6F9 /* MockApplication */ = {
			isa = PBXNativeTarget;
			buildConfigurationList = 40DAF120123536250003B6F9 /* Build configuration list for PBXNativeTarget "MockApplication" */;
			buildPhases = (
				40DAF117123536240003B6F9 /* Resources */,
				40DAF118123536240003B6F9 /* Sources */,
				40DAF119123536240003B6F9 /* Frameworks */,
				40DB66CF1239370B003722F9 /* CopyFiles */,
				406A240B1241297E00845BD0 /* CopyFiles */,
			);
			buildRules = (
			);
			dependencies = (
			);
			name = MockApplication;
			productName = MockApplication;
			productReference = 40DAF11B123536240003B6F9 /* MockApplication.app */;
			productType = "com.apple.product-type.application";
		};
		8D5B49AC048680CD000E48DA /* ComRrfComponentVas */ = {
			isa = PBXNativeTarget;
			buildConfigurationList = 1DEB913A08733D840010E9CD /* Build configuration list for PBXNativeTarget "ComRrfComponentVas" */;
			buildPhases = (
				8D5B49AF048680CD000E48DA /* Resources */,
				8D5B49B1048680CD000E48DA /* Sources */,
				8D5B49B3048680CD000E48DA /* Frameworks */,
				40DAF141123536DB0003B6F9 /* CopyFiles */,
			);
			buildRules = (
			);
			dependencies = (
			);
			name = ComRrfComponentVas;
			productInstallPath = "$(HOME)/Library/Bundles";
			productName = ComRrfComponentVas;
			productReference = 8D5B49B6048680CD000E48DA /* ComRrfComponentVas.bundle */;
			productType = "com.apple.product-type.bundle";
		};
/* End PBXNativeTarget section */

/* Begin PBXProject section */
		089C1669FE841209C02AAC07 /* Project object */ = {
			isa = PBXProject;
			buildConfigurationList = 1DEB913E08733D840010E9CD /* Build configuration list for PBXProject "ComRrfComponentVas" */;
			compatibilityVersion = "Xcode 3.1";
			hasScannedForEncodings = 1;
			mainGroup = 089C166AFE841209C02AAC07 /* ComRrfComponentVas */;
			projectDirPath = "";
			projectRoot = "";
			targets = (
				8D5B49AC048680CD000E48DA /* ComRrfComponentVas */,
				40DAF11A123536240003B6F9 /* MockApplication */,
			);
		};
/* End PBXProject section */

/* Begin PBXResourcesBuildPhase section */
		40DAF117123536240003B6F9 /* Resources */ = {
			isa = PBXResourcesBuildPhase;
			buildActionMask = 2147483647;
			files = (
				40FBCB931239400E0045D8D3 /* manifest.plist in Resources */,
				40DAF181123538C90003B6F9 /* MockApplication.xib in Resources */,
				408FA96B12394C440024DD3B /* BooleanOption.xib in Resources */,
				408FA96C12394C440024DD3B /* EnumOption.xib in Resources */,
				408FA96D12394C440024DD3B /* NumberOption.xib in Resources */,
				408FA96E12394C440024DD3B /* PathOption.xib in Resources */,
				408FA96F12394C440024DD3B /* StringOption.xib in Resources */,
				405620C41239687C0088B8BA /* SessionWindow.xib in Resources */,
				4070BA6B123E5A1900CDF821 /* SampleDefinition.plist in Resources */,
			);
			runOnlyForDeploymentPostprocessing = 0;
		};
		8D5B49AF048680CD000E48DA /* Resources */ = {
			isa = PBXResourcesBuildPhase;
			buildActionMask = 2147483647;
			files = (
				8D5B49B0048680CD000E48DA /* InfoPlist.strings in Resources */,
				404A77641222BD2D00B4CD5B /* manifest.plist in Resources */,
				401C31301242572A005D725E /* ComRrfComponentVasMainNib.xib in Resources */,
			);
			runOnlyForDeploymentPostprocessing = 0;
		};
/* End PBXResourcesBuildPhase section */

/* Begin PBXSourcesBuildPhase section */
		40DAF118123536240003B6F9 /* Sources */ = {
			isa = PBXSourcesBuildPhase;
			buildActionMask = 2147483647;
			files = (
				40DAF26A12365C600003B6F9 /* main.m in Sources */,
				40DAF2A112366F630003B6F9 /* Mock_AppDelegate.m in Sources */,
				408FA99012394D6F0024DD3B /* TKComponentConfigurationView.m in Sources */,
				408FA99112394D6F0024DD3B /* TKComponentOption.m in Sources */,
				408FA99212394D6F0024DD3B /* TKComponentStringOption.m in Sources */,
				408FA99312394D6F0024DD3B /* TKComponentNumberOption.m in Sources */,
				408FA99412394D6F0024DD3B /* TKComponentBooleanOption.m in Sources */,
				408FA99512394D6F0024DD3B /* TKComponentPathOption.m in Sources */,
				408FA99612394D6F0024DD3B /* TKComponentEnumOption.m in Sources */,
			);
			runOnlyForDeploymentPostprocessing = 0;
		};
		8D5B49B1048680CD000E48DA /* Sources */ = {
			isa = PBXSourcesBuildPhase;
			buildActionMask = 2147483647;
			files = (
				404A77691222D00400B4CD5B /* ComRrfComponentVasController.m in Sources */,
			);
			runOnlyForDeploymentPostprocessing = 0;
		};
/* End PBXSourcesBuildPhase section */

/* Begin PBXVariantGroup section */
		089C167DFE841241C02AAC07 /* InfoPlist.strings */ = {
			isa = PBXVariantGroup;
			children = (
				089C167EFE841241C02AAC07 /* English */,
			);
			name = InfoPlist.strings;
			sourceTree = "<group>";
		};
/* End PBXVariantGroup section */

/* Begin XCBuildConfiguration section */
		1DEB913B08733D840010E9CD /* Debug */ = {
			isa = XCBuildConfiguration;
			buildSettings = {
				ALWAYS_SEARCH_USER_PATHS = NO;
				COPY_PHASE_STRIP = NO;
				FRAMEWORK_SEARCH_PATHS = (
					"$(inherited)",
					"\"$(SRCROOT)/../../TK-Utility/build/Release\"",
					"\"$(SRCROOT)/../../TKUtility/build/Release\"",
				);
				GCC_DYNAMIC_NO_PIC = NO;
				GCC_ENABLE_FIX_AND_CONTINUE = YES;
				GCC_MODEL_TUNING = G5;
				GCC_OPTIMIZATION_LEVEL = 0;
				GCC_PRECOMPILE_PREFIX_HEADER = YES;
				GCC_PREFIX_HEADER = ComRrfComponentVas_Prefix.pch;
				INFOPLIST_FILE = Info.plist;
				INSTALL_PATH = "$(HOME)/Library/Bundles";
				PRODUCT_NAME = ComRrfComponentVas;
				WRAPPER_EXTENSION = bundle;
			};
			name = Debug;
		};
		1DEB913C08733D840010E9CD /* Release */ = {
			isa = XCBuildConfiguration;
			buildSettings = {
				ALWAYS_SEARCH_USER_PATHS = NO;
				DEBUG_INFORMATION_FORMAT = "dwarf-with-dsym";
				FRAMEWORK_SEARCH_PATHS = (
					"$(inherited)",
					"\"$(SRCROOT)/../../TK-Utility/build/Release\"",
					"\"$(SRCROOT)/../../TKUtility/build/Release\"",
				);
				GCC_MODEL_TUNING = G5;
				GCC_PRECOMPILE_PREFIX_HEADER = YES;
				GCC_PREFIX_HEADER = ComRrfComponentVas_Prefix.pch;
				INFOPLIST_FILE = Info.plist;
				INSTALL_PATH = "$(HOME)/Library/Bundles";
				PRODUCT_NAME = ComRrfComponentVas;
				WRAPPER_EXTENSION = bundle;
			};
			name = Release;
		};
		1DEB913F08733D840010E9CD /* Debug */ = {
			isa = XCBuildConfiguration;
			buildSettings = {
				ARCHS = "$(ARCHS_STANDARD_32_BIT)";
				GCC_C_LANGUAGE_STANDARD = c99;
				GCC_OPTIMIZATION_LEVEL = 0;
				GCC_WARN_ABOUT_RETURN_TYPE = YES;
				GCC_WARN_UNUSED_VARIABLE = YES;
				ONLY_ACTIVE_ARCH = YES;
				PREBINDING = NO;
				SDKROOT = macosx10.5;
			};
			name = Debug;
		};
		1DEB914008733D840010E9CD /* Release */ = {
			isa = XCBuildConfiguration;
			buildSettings = {
				ARCHS = "$(ARCHS_STANDARD_32_BIT)";
				GCC_C_LANGUAGE_STANDARD = c99;
				GCC_WARN_ABOUT_RETURN_TYPE = YES;
				GCC_WARN_UNUSED_VARIABLE = YES;
				PREBINDING = NO;
				SDKROOT = macosx10.5;
			};
			name = Release;
		};
		40DAF11E123536250003B6F9 /* Debug */ = {
			isa = XCBuildConfiguration;
			buildSettings = {
				ALWAYS_SEARCH_USER_PATHS = NO;
				COPY_PHASE_STRIP = NO;
				FRAMEWORK_SEARCH_PATHS = (
					"$(inherited)",
					"\"$(SRCROOT)/../../TKUtility/build/Release\"",
				);
				GCC_DYNAMIC_NO_PIC = NO;
				GCC_ENABLE_FIX_AND_CONTINUE = YES;
				GCC_MODEL_TUNING = G5;
				GCC_OPTIMIZATION_LEVEL = 0;
				GCC_PRECOMPILE_PREFIX_HEADER = YES;
				GCC_PREFIX_HEADER = "$(SYSTEM_LIBRARY_DIR)/Frameworks/AppKit.framework/Headers/AppKit.h";
				INFOPLIST_FILE = "MockApplication-Info.plist";
				INSTALL_PATH = "$(HOME)/Applications";
				OTHER_LDFLAGS = (
					"-framework",
					Foundation,
					"-framework",
					AppKit,
				);
				PREBINDING = NO;
				PRODUCT_NAME = MockApplication;
			};
			name = Debug;
		};
		40DAF11F123536250003B6F9 /* Release */ = {
			isa = XCBuildConfiguration;
			buildSettings = {
				ALWAYS_SEARCH_USER_PATHS = NO;
				COPY_PHASE_STRIP = YES;
				DEBUG_INFORMATION_FORMAT = "dwarf-with-dsym";
				FRAMEWORK_SEARCH_PATHS = (
					"$(inherited)",
					"\"$(SRCROOT)/../../TKUtility/build/Release\"",
				);
				GCC_ENABLE_FIX_AND_CONTINUE = NO;
				GCC_MODEL_TUNING = G5;
				GCC_PRECOMPILE_PREFIX_HEADER = YES;
				GCC_PREFIX_HEADER = "$(SYSTEM_LIBRARY_DIR)/Frameworks/AppKit.framework/Headers/AppKit.h";
				INFOPLIST_FILE = "MockApplication-Info.plist";
				INSTALL_PATH = "$(HOME)/Applications";
				OTHER_LDFLAGS = (
					"-framework",
					Foundation,
					"-framework",
					AppKit,
				);
				PREBINDING = NO;
				PRODUCT_NAME = MockApplication;
				ZERO_LINK = NO;
			};
			name = Release;
		};
/* End XCBuildConfiguration section */

/* Begin XCConfigurationList section */
		1DEB913A08733D840010E9CD /* Build configuration list for PBXNativeTarget "ComRrfComponentVas" */ = {
			isa = XCConfigurationList;
			buildConfigurations = (
				1DEB913B08733D840010E9CD /* Debug */,
				1DEB913C08733D840010E9CD /* Release */,
			);
			defaultConfigurationIsVisible = 0;
			defaultConfigurationName = Release;
		};
		1DEB913E08733D840010E9CD /* Build configuration list for PBXProject "ComRrfComponentVas" */ = {
			isa = XCConfigurationList;
			buildConfigurations = (
				1DEB913F08733D840010E9CD /* Debug */,
				1DEB914008733D840010E9CD /* Release */,
			);
			defaultConfigurationIsVisible = 0;
			defaultConfigurationName = Release;
		};
		40DAF120123536250003B6F9 /* Build configuration list for PBXNativeTarget "MockApplication" */ = {
			isa = XCConfigurationList;
			buildConfigurations = (
				40DAF11E123536250003B6F9 /* Debug */,
				40DAF11F123536250003B6F9 /* Release */,
			);
			defaultConfigurationIsVisible = 0;
			defaultConfigurationName = Release;
		};
/* End XCConfigurationList section */
	};
	rootObject = 089C1669FE841209C02AAC07 /* Project object */;
}
